
Microsoft Visual Studio Solution File, Format Version 12.00
# Visual Studio 14
VisualStudioVersion = 14.0.23107.0
MinimumVisualStudioVersion = 10.0.40219.1
Project("{FAE04EC0-301F-11D3-BF4B-00C04F79EFBC}") = "Bank", "Bank.csproj", "{C46586D7-EC25-47B9-B50F-19B1D1B501BC}"
EndProject
Global
	GlobalSection(SolutionConfigurationPlatforms) = preSolution
		Debug|Any CPU = Debug|Any CPU
		Release|Any CPU = Release|Any CPU
	EndGlobalSection
	GlobalSection(ProjectConfigurationPlatforms) = postSolution
		{C46586D7-EC25-47B9-B50F-19B1D1B501BC}.Debug|Any CPU.ActiveCfg = Debug|Any CPU
		{C46586D7-EC25-47B9-B50F-19B1D1B501BC}.Debug|Any CPU.Build.0 = Debug|Any CPU
		{C46586D7-EC25-47B9-B50F-19B1D1B501BC}.Release|Any CPU.ActiveCfg = Release|Any CPU
		{C46586D7-EC25-47B9-B50F-19B1D1B501BC}.Release|Any CPU.Build.0 = Release|Any CPU
	EndGlobalSection
	GlobalSection(SolutionProperties) = preSolution
		HideSolutionNode = FALSE
	EndGlobalSection
EndGlobal
